// !$*UTF8*$!
{
	archiveVersion = 1;
	classes = {
	};
	objectVersion = 50;
	objects = {

/* Begin PBXBuildFile section */
		D8842E34250AA9B8006525A8 /* ItemCell.swift in Sources */ = {isa = PBXBuildFile; fileRef = D8842E32250AA9B8006525A8 /* ItemCell.swift */; };
		D8842E35250AA9B8006525A8 /* ItemCell.xib in Resources */ = {isa = PBXBuildFile; fileRef = D8842E33250AA9B8006525A8 /* ItemCell.xib */; };
		D8DE3214250A99FD00A709E9 /* AppDelegate.swift in Sources */ = {isa = PBXBuildFile; fileRef = D8DE3213250A99FD00A709E9 /* AppDelegate.swift */; };
		D8DE3216250A99FD00A709E9 /* SceneDelegate.swift in Sources */ = {isa = PBXBuildFile; fileRef = D8DE3215250A99FD00A709E9 /* SceneDelegate.swift */; };
		D8DE3218250A99FD00A709E9 /* ViewController.swift in Sources */ = {isa = PBXBuildFile; fileRef = D8DE3217250A99FD00A709E9 /* ViewController.swift */; };
		D8DE321B250A99FD00A709E9 /* Main.storyboard in Resources */ = {isa = PBXBuildFile; fileRef = D8DE3219250A99FD00A709E9 /* Main.storyboard */; };
		D8DE321D250A99FE00A709E9 /* Assets.xcassets in Resources */ = {isa = PBXBuildFile; fileRef = D8DE321C250A99FE00A709E9 /* Assets.xcassets */; };
		D8DE3220250A99FE00A709E9 /* LaunchScreen.storyboard in Resources */ = {isa = PBXBuildFile; fileRef = D8DE321E250A99FE00A709E9 /* LaunchScreen.storyboard */; };
		D8DE322B250AA54E00A709E9 /* CollectionRowTableViewCell.swift in Sources */ = {isa = PBXBuildFile; fileRef = D8DE3229250AA54E00A709E9 /* CollectionRowTableViewCell.swift */; };
		D8DE322C250AA54E00A709E9 /* CollectionRowTableViewCell.xib in Resources */ = {isa = PBXBuildFile; fileRef = D8DE322A250AA54E00A709E9 /* CollectionRowTableViewCell.xib */; };
/* End PBXBuildFile section */

/* Begin PBXFileReference section */
		D8842E32250AA9B8006525A8 /* ItemCell.swift */ = {isa = PBXFileReference; lastKnownFileType = sourcecode.swift; path = ItemCell.swift; sourceTree = "<group>"; };
		D8842E33250AA9B8006525A8 /* ItemCell.xib */ = {isa = PBXFileReference; lastKnownFileType = file.xib; path = ItemCell.xib; sourceTree = "<group>"; };
		D8DE3210250A99FD00A709E9 /* Coding Challenge.app */ = {isa = PBXFileReference; explicitFileType = wrapper.application; includeInIndex = 0; path = "Coding Challenge.app"; sourceTree = BUILT_PRODUCTS_DIR; };
		D8DE3213250A99FD00A709E9 /* AppDelegate.swift */ = {isa = PBXFileReference; lastKnownFileType = sourcecode.swift; path = AppDelegate.swift; sourceTree = "<group>"; };
		D8DE3215250A99FD00A709E9 /* SceneDelegate.swift */ = {isa = PBXFileReference; lastKnownFileType = sourcecode.swift; path = SceneDelegate.swift; sourceTree = "<group>"; };
		D8DE3217250A99FD00A709E9 /* ViewController.swift */ = {isa = PBXFileReference; lastKnownFileType = sourcecode.swift; path = ViewController.swift; sourceTree = "<group>"; };
		D8DE321A250A99FD00A709E9 /* Base */ = {isa = PBXFileReference; lastKnownFileType = file.storyboard; name = Base; path = Base.lproj/Main.storyboard; sourceTree = "<group>"; };
		D8DE321C250A99FE00A709E9 /* Assets.xcassets */ = {isa = PBXFileReference; lastKnownFileType = folder.assetcatalog; path = Assets.xcassets; sourceTree = "<group>"; };
		D8DE321F250A99FE00A709E9 /* Base */ = {isa = PBXFileReference; lastKnownFileType = file.storyboard; name = Base; path = Base.lproj/LaunchScreen.storyboard; sourceTree = "<group>"; };
		D8DE3221250A99FE00A709E9 /* Info.plist */ = {isa = PBXFileReference; lastKnownFileType = text.plist.xml; path = Info.plist; sourceTree = "<group>"; };
		D8DE3229250AA54E00A709E9 /* CollectionRowTableViewCell.swift */ = {isa = PBXFileReference; lastKnownFileType = sourcecode.swift; path = CollectionRowTableViewCell.swift; sourceTree = "<group>"; };
		D8DE322A250AA54E00A709E9 /* CollectionRowTableViewCell.xib */ = {isa = PBXFileReference; lastKnownFileType = file.xib; path = CollectionRowTableViewCell.xib; sourceTree = "<group>"; };
/* End PBXFileReference section */

/* Begin PBXFrameworksBuildPhase section */
		D8DE320D250A99FD00A709E9 /* Frameworks */ = {
			isa = PBXFrameworksBuildPhase;
			buildActionMask = 2147483647;
			files = (
			);
			runOnlyForDeploymentPostprocessing = 0;
		};
/* End PBXFrameworksBuildPhase section */

/* Begin PBXGroup section */
		D8842E36250D32B1006525A8 /* View */ = {
			isa = PBXGroup;
			children = (
				D8DE321E250A99FE00A709E9 /* LaunchScreen.storyboard */,
				D8DE3219250A99FD00A709E9 /* Main.storyboard */,
				D8DE322A250AA54E00A709E9 /* CollectionRowTableViewCell.xib */,
				D8842E33250AA9B8006525A8 /* ItemCell.xib */,
			);
			path = View;
			sourceTree = "<group>";
		};
		D8842E37250D32C2006525A8 /* Model */ = {
			isa = PBXGroup;
			children = (
				D8DE3229250AA54E00A709E9 /* CollectionRowTableViewCell.swift */,
				D8842E32250AA9B8006525A8 /* ItemCell.swift */,
			);
			path = Model;
			sourceTree = "<group>";
		};
		D8842E38250D32C8006525A8 /* Controller */ = {
			isa = PBXGroup;
			children = (
				D8DE3217250A99FD00A709E9 /* ViewController.swift */,
			);
			path = Controller;
			sourceTree = "<group>";
		};
		D8DE3207250A99FD00A709E9 = {
			isa = PBXGroup;
			children = (
				D8DE3212250A99FD00A709E9 /* Coding Challenge */,
				D8DE3211250A99FD00A709E9 /* Products */,
			);
			sourceTree = "<group>";
		};
		D8DE3211250A99FD00A709E9 /* Products */ = {
			isa = PBXGroup;
			children = (
				D8DE3210250A99FD00A709E9 /* Coding Challenge.app */,
			);
			name = Products;
			sourceTree = "<group>";
		};
		D8DE3212250A99FD00A709E9 /* Coding Challenge */ = {
			isa = PBXGroup;
			children = (
				D8DE3213250A99FD00A709E9 /* AppDelegate.swift */,
				D8DE3215250A99FD00A709E9 /* SceneDelegate.swift */,
				D8842E37250D32C2006525A8 /* Model */,
				D8842E36250D32B1006525A8 /* View */,
				D8842E38250D32C8006525A8 /* Controller */,
				D8DE321C250A99FE00A709E9 /* Assets.xcassets */,
				D8DE3221250A99FE00A709E9 /* Info.plist */,
			);
			path = "Coding Challenge";
			sourceTree = "<group>";
		};
/* End PBXGroup section */

/* Begin PBXNativeTarget section */
		D8DE320F250A99FD00A709E9 /* Coding Challenge */ = {
			isa = PBXNativeTarget;
			buildConfigurationList = D8DE3224250A99FE00A709E9 /* Build configuration list for PBXNativeTarget "Coding Challenge" */;
			buildPhases = (
				D8DE320C250A99FD00A709E9 /* Sources */,
				D8DE320D250A99FD00A709E9 /* Frameworks */,
				D8DE320E250A99FD00A709E9 /* Resources */,
			);
			buildRules = (
			);
			dependencies = (
			);
			name = "Coding Challenge";
			productName = "Coding Challenge";
			productReference = D8DE3210250A99FD00A709E9 /* Coding Challenge.app */;
			productType = "com.apple.product-type.application";
		};
/* End PBXNativeTarget section */

/* Begin PBXProject section */
		D8DE3208250A99FD00A709E9 /* Project object */ = {
			isa = PBXProject;
			attributes = {
				LastSwiftUpdateCheck = 1170;
				LastUpgradeCheck = 1170;
				ORGANIZATIONNAME = "Eric Barnes";
				TargetAttributes = {
					D8DE320F250A99FD00A709E9 = {
						CreatedOnToolsVersion = 11.7;
					};
				};
			};
			buildConfigurationList = D8DE320B250A99FD00A709E9 /* Build configuration list for PBXProject "Coding Challenge" */;
			compatibilityVersion = "Xcode 9.3";
			developmentRegion = en;
			hasScannedForEncodings = 0;
			knownRegions = (
				en,
				Base,
			);
			mainGroup = D8DE3207250A99FD00A709E9;
			productRefGroup = D8DE3211250A99FD00A709E9 /* Products */;
			projectDirPath = "";
			projectRoot = "";
			targets = (
				D8DE320F250A99FD00A709E9 /* Coding Challenge */,
			);
		};
/* End PBXProject section */

/* Begin PBXResourcesBuildPhase section */
		D8DE320E250A99FD00A709E9 /* Resources */ = {
			isa = PBXResourcesBuildPhase;
			buildActionMask = 2147483647;
			files = (
				D8DE322C250AA54E00A709E9 /* CollectionRowTableViewCell.xib in Resources */,
				D8DE3220250A99FE00A709E9 /* LaunchScreen.storyboard in Resources */,
				D8DE321D250A99FE00A709E9 /* Assets.xcassets in Resources */,
				D8842E35250AA9B8006525A8 /* ItemCell.xib in Resources */,
				D8DE321B250A99FD00A709E9 /* Main.storyboard in Resources */,
			);
			runOnlyForDeploymentPostprocessing = 0;
		};
/* End PBXResourcesBuildPhase section */

/* Begin PBXSourcesBuildPhase section */
		D8DE320C250A99FD00A709E9 /* Sources */ = {
			isa = PBXSourcesBuildPhase;
			buildActionMask = 2147483647;
			files = (
				D8DE3218250A99FD00A709E9 /* ViewController.swift in Sources */,
				D8DE322B250AA54E00A709E9 /* CollectionRowTableViewCell.swift in Sources */,
				D8842E34250AA9B8006525A8 /* ItemCell.swift in Sources */,
				D8DE3214250A99FD00A709E9 /* AppDelegate.swift in Sources */,
				D8DE3216250A99FD00A709E9 /* SceneDelegate.swift in Sources */,
			);
			runOnlyForDeploymentPostprocessing = 0;
		};
/* End PBXSourcesBuildPhase section */

/* Begin PBXVariantGroup section */
		D8DE3219250A99FD00A709E9 /* Main.storyboard */ = {
			isa = PBXVariantGroup;
			children = (
				D8DE321A250A99FD00A709E9 /* Base */,
			);
			name = Main.storyboard;
			sourceTree = "<group>";
		};
		D8DE321E250A99FE00A709E9 /* LaunchScreen.storyboard */ = {
			isa = PBXVariantGroup;
			children = (
				D8DE321F250A99FE00A709E9 /* Base */,
			);
			name = LaunchScreen.storyboard;
			sourceTree = "<group>";
		};
/* End PBXVariantGroup section */

/* Begin XCBuildConfiguration section */
		D8DE3222250A99FE00A709E9 /* Debug */ = {
			isa = XCBuildConfiguration;
			buildSettings = {
				ALWAYS_SEARCH_USER_PATHS = NO;
				CLANG_ANALYZER_NONNULL = YES;
				CLANG_ANALYZER_NUMBER_OBJECT_CONVERSION = YES_AGGRESSIVE;
				CLANG_CXX_LANGUAGE_STANDARD = "gnu++14";
				CLANG_CXX_LIBRARY = "libc++";
				CLANG_ENABLE_MODULES = YES;
				CLANG_ENABLE_OBJC_ARC = YES;
				CLANG_ENABLE_OBJC_WEAK = YES;
				CLANG_WARN_BLOCK_CAPTURE_AUTORELEASING = YES;
				CLANG_WARN_BOOL_CONVERSION = YES;
				CLANG_WARN_COMMA = YES;
				CLANG_WARN_CONSTANT_CONVERSION = YES;
				CLANG_WARN_DEPRECATED_OBJC_IMPLEMENTATIONS = YES;
				CLANG_WARN_DIRECT_OBJC_ISA_USAGE = YES_ERROR;
				CLANG_WARN_DOCUMENTATION_COMMENTS = YES;
				CLANG_WARN_EMPTY_BODY = YES;
				CLANG_WARN_ENUM_CONVERSION = YES;
				CLANG_WARN_INFINITE_RECURSION = YES;
				CLANG_WARN_INT_CONVERSION = YES;
				CLANG_WARN_NON_LITERAL_NULL_CONVERSION = YES;
				CLANG_WARN_OBJC_IMPLICIT_RETAIN_SELF = YES;
				CLANG_WARN_OBJC_LITERAL_CONVERSION = YES;
				CLANG_WARN_OBJC_ROOT_CLASS = YES_ERROR;
				CLANG_WARN_RANGE_LOOP_ANALYSIS = YES;
				CLANG_WARN_STRICT_PROTOTYPES = YES;
				CLANG_WARN_SUSPICIOUS_MOVE = YES;
				CLANG_WARN_UNGUARDED_AVAILABILITY = YES_AGGRESSIVE;
				CLANG_WARN_UNREACHABLE_CODE = YES;
				CLANG_WARN__DUPLICATE_METHOD_MATCH = YES;
				COPY_PHASE_STRIP = NO;
				DEBUG_INFORMATION_FORMAT = dwarf;
				ENABLE_STRICT_OBJC_MSGSEND = YES;
				ENABLE_TESTABILITY = YES;
				GCC_C_LANGUAGE_STANDARD = gnu11;
				GCC_DYNAMIC_NO_PIC = NO;
				GCC_NO_COMMON_BLOCKS = YES;
				GCC_OPTIMIZATION_LEVEL = 0;
				GCC_PREPROCESSOR_DEFINITIONS = (
					"DEBUG=1",
					"$(inherited)",
				);
				GCC_WARN_64_TO_32_BIT_CONVERSION = YES;
				GCC_WARN_ABOUT_RETURN_TYPE = YES_ERROR;
				GCC_WARN_UNDECLARED_SELECTOR = YES;
				GCC_WARN_UNINITIALIZED_AUTOS = YES_AGGRESSIVE;
				GCC_WARN_UNUSED_FUNCTION = YES;
				GCC_WARN_UNUSED_VARIABLE = YES;
				IPHONEOS_DEPLOYMENT_TARGET = 13.7;
				MTL_ENABLE_DEBUG_INFO = INCLUDE_SOURCE;
				MTL_FAST_MATH = YES;
				ONLY_ACTIVE_ARCH = YES;
				SDKROOT = iphoneos;
				SWIFT_ACTIVE_COMPILATION_CONDITIONS = DEBUG;
				SWIFT_OPTIMIZATION_LEVEL = "-Onone";
			};
			name = Debug;
		};
		D8DE3223250A99FE00A709E9 /* Release */ = {
			isa = XCBuildConfiguration;
			buildSettings = {
				ALWAYS_SEARCH_USER_PATHS = NO;
				CLANG_ANALYZER_NONNULL = YES;
				CLANG_ANALYZER_NUMBER_OBJECT_CONVERSION = YES_AGGRESSIVE;
				CLANG_CXX_LANGUAGE_STANDARD = "gnu++14";
				CLANG_CXX_LIBRARY = "libc++";
				CLANG_ENABLE_MODULES = YES;
				CLANG_ENABLE_OBJC_ARC = YES;
				CLANG_ENABLE_OBJC_WEAK = YES;
				CLANG_WARN_BLOCK_CAPTURE_AUTORELEASING = YES;
				CLANG_WARN_BOOL_CONVERSION = YES;
				CLANG_WARN_COMMA = YES;
				CLANG_WARN_CONSTANT_CONVERSION = YES;
				CLANG_WARN_DEPRECATED_OBJC_IMPLEMENTATIONS = YES;
				CLANG_WARN_DIRECT_OBJC_ISA_USAGE = YES_ERROR;
				CLANG_WARN_DOCUMENTATION_COMMENTS = YES;
				CLANG_WARN_EMPTY_BODY = YES;
				CLANG_WARN_ENUM_CONVERSION = YES;
				CLANG_WARN_INFINITE_RECURSION = YES;
				CLANG_WARN_INT_CONVERSION = YES;
				CLANG_WARN_NON_LITERAL_NULL_CONVERSION = YES;
				CLANG_WARN_OBJC_IMPLICIT_RETAIN_SELF = YES;
				CLANG_WARN_OBJC_LITERAL_CONVERSION = YES;
				CLANG_WARN_OBJC_ROOT_CLASS = YES_ERROR;
				CLANG_WARN_RANGE_LOOP_ANALYSIS = YES;
				CLANG_WARN_STRICT_PROTOTYPES = YES;
				CLANG_WARN_SUSPICIOUS_MOVE = YES;
				CLANG_WARN_UNGUARDED_AVAILABILITY = YES_AGGRESSIVE;
				CLANG_WARN_UNREACHABLE_CODE = YES;
				CLANG_WARN__DUPLICATE_METHOD_MATCH = YES;
				COPY_PHASE_STRIP = NO;
				DEBUG_INFORMATION_FORMAT = "dwarf-with-dsym";
				ENABLE_NS_ASSERTIONS = NO;
				ENABLE_STRICT_OBJC_MSGSEND = YES;
				GCC_C_LANGUAGE_STANDARD = gnu11;
				GCC_NO_COMMON_BLOCKS = YES;
				GCC_WARN_64_TO_32_BIT_CONVERSION = YES;
				GCC_WARN_ABOUT_RETURN_TYPE = YES_ERROR;
				GCC_WARN_UNDECLARED_SELECTOR = YES;
				GCC_WARN_UNINITIALIZED_AUTOS = YES_AGGRESSIVE;
				GCC_WARN_UNUSED_FUNCTION = YES;
				GCC_WARN_UNUSED_VARIABLE = YES;
				IPHONEOS_DEPLOYMENT_TARGET = 13.7;
				MTL_ENABLE_DEBUG_INFO = NO;
				MTL_FAST_MATH = YES;
				SDKROOT = iphoneos;
				SWIFT_COMPILATION_MODE = wholemodule;
				SWIFT_OPTIMIZATION_LEVEL = "-O";
				VALIDATE_PRODUCT = YES;
			};
			name = Release;
		};
		D8DE3225250A99FE00A709E9 /* Debug */ = {
			isa = XCBuildConfiguration;
			buildSettings = {
				ASSETCATALOG_COMPILER_APPICON_NAME = AppIcon;
				CODE_SIGN_STYLE = Automatic;
				DEVELOPMENT_TEAM = 64P8YXLPZZ;
				INFOPLIST_FILE = "Coding Challenge/Info.plist";
				LD_RUNPATH_SEARCH_PATHS = (
					"$(inherited)",
					"@executable_path/Frameworks",
				);
				PRODUCT_BUNDLE_IDENTIFIER = "com.Zo.Coding-Challenge";
				PRODUCT_NAME = "$(TARGET_NAME)";
				SWIFT_VERSION = 5.0;
				TARGETED_DEVICE_FAMILY = "1,2";
			};
			name = Debug;
		};
		D8DE3226250A99FE00A709E9 /* Release */ = {
			isa = XCBuildConfiguration;
			buildSettings = {
				ASSETCATALOG_COMPILER_APPICON_NAME = AppIcon;
				CODE_SIGN_STYLE = Automatic;
				DEVELOPMENT_TEAM = 64P8YXLPZZ;
				INFOPLIST_FILE = "Coding Challenge/Info.plist";
				LD_RUNPATH_SEARCH_PATHS = (
					"$(inherited)",
					"@executable_path/Frameworks",
				);
				PRODUCT_BUNDLE_IDENTIFIER = "com.Zo.Coding-Challenge";
				PRODUCT_NAME = "$(TARGET_NAME)";
				SWIFT_VERSION = 5.0;
				TARGETED_DEVICE_FAMILY = "1,2";
			};
			name = Release;
		};
/* End XCBuildConfiguration section */

/* Begin XCConfigurationList section */
		D8DE320B250A99FD00A709E9 /* Build configuration list for PBXProject "Coding Challenge" */ = {
			isa = XCConfigurationList;
			buildConfigurations = (
				D8DE3222250A99FE00A709E9 /* Debug */,
				D8DE3223250A99FE00A709E9 /* Release */,
			);
			defaultConfigurationIsVisible = 0;
			defaultConfigurationName = Release;
		};
		D8DE3224250A99FE00A709E9 /* Build configuration list for PBXNativeTarget "Coding Challenge" */ = {
			isa = XCConfigurationList;
			buildConfigurations = (
				D8DE3225250A99FE00A709E9 /* Debug */,
				D8DE3226250A99FE00A709E9 /* Release */,
			);
			defaultConfigurationIsVisible = 0;
			defaultConfigurationName = Release;
		};
/* End XCConfigurationList section */
	};
	rootObject = D8DE3208250A99FD00A709E9 /* Project object */;
}
